github.com/golang/protobuf v0.0.0-20170523065751-7a211bcf3bce h1:1Dyb19DS8rM2Vi81OXm62EJES+9hv5Iw3N5Px2UsvS8=
github.com/golang/protobuf v0.0.0-20170523065751-7a211bcf3bce/go.mod h1:6lQm79b+lXiMfvg/cZm0SGofjICqVBUtrP5yJMmIC1U=
github.com/linux4life798/dproto v0.0.0-20181002014914-8186abee4465 h1:tIAMb/9dhadWyqONZroC8yu9zLDbCc9ixyuRuogZEwA=
github.com/linux4life798/dproto v0.0.0-20181002014914-8186abee4465/go.mod h1:uumGnY8Z5duSpu/GFtUEE4SDmXAb3n1UWFFEW6JWB60=
